// !$*UTF8*$!
{
	archiveVersion = 1;
	classes = {
	};
	objectVersion = 50;
	objects = {

/* Begin PBXBuildFile section */
		3495538923450F62004EB34E /* AppDelegate.swift in Sources */ = {isa = PBXBuildFile; fileRef = 3495538823450F62004EB34E /* AppDelegate.swift */; };
		3495538B23450F62004EB34E /* SceneDelegate.swift in Sources */ = {isa = PBXBuildFile; fileRef = 3495538A23450F62004EB34E /* SceneDelegate.swift */; };
		3495539023450F62004EB34E /* Main.storyboard in Resources */ = {isa = PBXBuildFile; fileRef = 3495538E23450F62004EB34E /* Main.storyboard */; };
		3495539223450F63004EB34E /* Assets.xcassets in Resources */ = {isa = PBXBuildFile; fileRef = 3495539123450F63004EB34E /* Assets.xcassets */; };
		3495539523450F63004EB34E /* LaunchScreen.storyboard in Resources */ = {isa = PBXBuildFile; fileRef = 3495539323450F63004EB34E /* LaunchScreen.storyboard */; };
		3495539E2345197A004EB34E /* Cocktails.swift in Sources */ = {isa = PBXBuildFile; fileRef = 3495539D2345197A004EB34E /* Cocktails.swift */; };
		349553A123451C44004EB34E /* CocktailController.swift in Sources */ = {isa = PBXBuildFile; fileRef = 349553A023451C44004EB34E /* CocktailController.swift */; };
		349553A623453D19004EB34E /* CocktailViewController.swift in Sources */ = {isa = PBXBuildFile; fileRef = 349553A523453D19004EB34E /* CocktailViewController.swift */; };
/* End PBXBuildFile section */

/* Begin PBXFileReference section */
		3495538523450F62004EB34E /* CocktailApp.app */ = {isa = PBXFileReference; explicitFileType = wrapper.application; includeInIndex = 0; path = CocktailApp.app; sourceTree = BUILT_PRODUCTS_DIR; };
		3495538823450F62004EB34E /* AppDelegate.swift */ = {isa = PBXFileReference; lastKnownFileType = sourcecode.swift; path = AppDelegate.swift; sourceTree = "<group>"; };
		3495538A23450F62004EB34E /* SceneDelegate.swift */ = {isa = PBXFileReference; lastKnownFileType = sourcecode.swift; path = SceneDelegate.swift; sourceTree = "<group>"; };
		3495538F23450F62004EB34E /* Base */ = {isa = PBXFileReference; lastKnownFileType = file.storyboard; name = Base; path = Base.lproj/Main.storyboard; sourceTree = "<group>"; };
		3495539123450F63004EB34E /* Assets.xcassets */ = {isa = PBXFileReference; lastKnownFileType = folder.assetcatalog; path = Assets.xcassets; sourceTree = "<group>"; };
		3495539423450F63004EB34E /* Base */ = {isa = PBXFileReference; lastKnownFileType = file.storyboard; name = Base; path = Base.lproj/LaunchScreen.storyboard; sourceTree = "<group>"; };
		3495539623450F63004EB34E /* Info.plist */ = {isa = PBXFileReference; lastKnownFileType = text.plist.xml; path = Info.plist; sourceTree = "<group>"; };
		3495539D2345197A004EB34E /* Cocktails.swift */ = {isa = PBXFileReference; lastKnownFileType = sourcecode.swift; path = Cocktails.swift; sourceTree = "<group>"; };
		349553A023451C44004EB34E /* CocktailController.swift */ = {isa = PBXFileReference; lastKnownFileType = sourcecode.swift; path = CocktailController.swift; sourceTree = "<group>"; };
		349553A523453D19004EB34E /* CocktailViewController.swift */ = {isa = PBXFileReference; lastKnownFileType = sourcecode.swift; path = CocktailViewController.swift; sourceTree = "<group>"; };
/* End PBXFileReference section */

/* Begin PBXFrameworksBuildPhase section */
		3495538223450F62004EB34E /* Frameworks */ = {
			isa = PBXFrameworksBuildPhase;
			buildActionMask = 2147483647;
			files = (
			);
			runOnlyForDeploymentPostprocessing = 0;
		};
/* End PBXFrameworksBuildPhase section */

/* Begin PBXGroup section */
		3495537C23450F62004EB34E = {
			isa = PBXGroup;
			children = (
				3495538723450F62004EB34E /* CocktailApp */,
				3495538623450F62004EB34E /* Products */,
			);
			sourceTree = "<group>";
		};
		3495538623450F62004EB34E /* Products */ = {
			isa = PBXGroup;
			children = (
				3495538523450F62004EB34E /* CocktailApp.app */,
			);
			name = Products;
			sourceTree = "<group>";
		};
		3495538723450F62004EB34E /* CocktailApp */ = {
			isa = PBXGroup;
			children = (
				3495538E23450F62004EB34E /* Main.storyboard */,
				3495539F23451C2A004EB34E /* models */,
				3495539C23450F9D004EB34E /* resources */,
				349553A223453C0D004EB34E /* controllers */,
			);
			path = CocktailApp;
			sourceTree = "<group>";
		};
		3495539C23450F9D004EB34E /* resources */ = {
			isa = PBXGroup;
			children = (
				3495538823450F62004EB34E /* AppDelegate.swift */,
				3495538A23450F62004EB34E /* SceneDelegate.swift */,
				3495539123450F63004EB34E /* Assets.xcassets */,
				3495539323450F63004EB34E /* LaunchScreen.storyboard */,
				3495539623450F63004EB34E /* Info.plist */,
			);
			path = resources;
			sourceTree = "<group>";
		};
		3495539F23451C2A004EB34E /* models */ = {
			isa = PBXGroup;
			children = (
				3495539D2345197A004EB34E /* Cocktails.swift */,
			);
			path = models;
			sourceTree = "<group>";
		};
		349553A223453C0D004EB34E /* controllers */ = {
			isa = PBXGroup;
			children = (
				349553A423453C1E004EB34E /* view controllers */,
				349553A323453C15004EB34E /* model controllers */,
			);
			path = controllers;
			sourceTree = "<group>";
		};
		349553A323453C15004EB34E /* model controllers */ = {
			isa = PBXGroup;
			children = (
				349553A023451C44004EB34E /* CocktailController.swift */,
			);
			path = "model controllers";
			sourceTree = "<group>";
		};
		349553A423453C1E004EB34E /* view controllers */ = {
			isa = PBXGroup;
			children = (
				349553A523453D19004EB34E /* CocktailViewController.swift */,
			);
			path = "view controllers";
			sourceTree = "<group>";
		};
/* End PBXGroup section */

/* Begin PBXNativeTarget section */
		3495538423450F62004EB34E /* CocktailApp */ = {
			isa = PBXNativeTarget;
			buildConfigurationList = 3495539923450F63004EB34E /* Build configuration list for PBXNativeTarget "CocktailApp" */;
			buildPhases = (
				3495538123450F62004EB34E /* Sources */,
				3495538223450F62004EB34E /* Frameworks */,
				3495538323450F62004EB34E /* Resources */,
			);
			buildRules = (
			);
			dependencies = (
			);
			name = CocktailApp;
			productName = CocktailApp;
			productReference = 3495538523450F62004EB34E /* CocktailApp.app */;
			productType = "com.apple.product-type.application";
		};
/* End PBXNativeTarget section */

/* Begin PBXProject section */
		3495537D23450F62004EB34E /* Project object */ = {
			isa = PBXProject;
			attributes = {
				LastSwiftUpdateCheck = 1100;
				LastUpgradeCheck = 1100;
				ORGANIZATIONNAME = "Matthew O'Connor";
				TargetAttributes = {
					3495538423450F62004EB34E = {
						CreatedOnToolsVersion = 11.0;
					};
				};
			};
			buildConfigurationList = 3495538023450F62004EB34E /* Build configuration list for PBXProject "CocktailApp" */;
			compatibilityVersion = "Xcode 9.3";
			developmentRegion = en;
			hasScannedForEncodings = 0;
			knownRegions = (
				en,
				Base,
			);
			mainGroup = 3495537C23450F62004EB34E;
			productRefGroup = 3495538623450F62004EB34E /* Products */;
			projectDirPath = "";
			projectRoot = "";
			targets = (
				3495538423450F62004EB34E /* CocktailApp */,
			);
		};
/* End PBXProject section */

/* Begin PBXResourcesBuildPhase section */
		3495538323450F62004EB34E /* Resources */ = {
			isa = PBXResourcesBuildPhase;
			buildActionMask = 2147483647;
			files = (
				3495539523450F63004EB34E /* LaunchScreen.storyboard in Resources */,
				3495539223450F63004EB34E /* Assets.xcassets in Resources */,
				3495539023450F62004EB34E /* Main.storyboard in Resources */,
			);
			runOnlyForDeploymentPostprocessing = 0;
		};
/* End PBXResourcesBuildPhase section */

/* Begin PBXSourcesBuildPhase section */
		3495538123450F62004EB34E /* Sources */ = {
			isa = PBXSourcesBuildPhase;
			buildActionMask = 2147483647;
			files = (
				3495538923450F62004EB34E /* AppDelegate.swift in Sources */,
				3495538B23450F62004EB34E /* SceneDelegate.swift in Sources */,
				3495539E2345197A004EB34E /* Cocktails.swift in Sources */,
				349553A623453D19004EB34E /* CocktailViewController.swift in Sources */,
				349553A123451C44004EB34E /* CocktailController.swift in Sources */,
			);
			runOnlyForDeploymentPostprocessing = 0;
		};
/* End PBXSourcesBuildPhase section */

/* Begin PBXVariantGroup section */
		3495538E23450F62004EB34E /* Main.storyboard */ = {
			isa = PBXVariantGroup;
			children = (
				3495538F23450F62004EB34E /* Base */,
			);
			name = Main.storyboard;
			sourceTree = "<group>";
		};
		3495539323450F63004EB34E /* LaunchScreen.storyboard */ = {
			isa = PBXVariantGroup;
			children = (
				3495539423450F63004EB34E /* Base */,
			);
			name = LaunchScreen.storyboard;
			sourceTree = "<group>";
		};
/* End PBXVariantGroup section */

/* Begin XCBuildConfiguration section */
		3495539723450F63004EB34E /* Debug */ = {
			isa = XCBuildConfiguration;
			buildSettings = {
				ALWAYS_SEARCH_USER_PATHS = NO;
				CLANG_ANALYZER_NONNULL = YES;
				CLANG_ANALYZER_NUMBER_OBJECT_CONVERSION = YES_AGGRESSIVE;
				CLANG_CXX_LANGUAGE_STANDARD = "gnu++14";
				CLANG_CXX_LIBRARY = "libc++";
				CLANG_ENABLE_MODULES = YES;
				CLANG_ENABLE_OBJC_ARC = YES;
				CLANG_ENABLE_OBJC_WEAK = YES;
				CLANG_WARN_BLOCK_CAPTURE_AUTORELEASING = YES;
				CLANG_WARN_BOOL_CONVERSION = YES;
				CLANG_WARN_COMMA = YES;
				CLANG_WARN_CONSTANT_CONVERSION = YES;
				CLANG_WARN_DEPRECATED_OBJC_IMPLEMENTATIONS = YES;
				CLANG_WARN_DIRECT_OBJC_ISA_USAGE = YES_ERROR;
				CLANG_WARN_DOCUMENTATION_COMMENTS = YES;
				CLANG_WARN_EMPTY_BODY = YES;
				CLANG_WARN_ENUM_CONVERSION = YES;
				CLANG_WARN_INFINITE_RECURSION = YES;
				CLANG_WARN_INT_CONVERSION = YES;
				CLANG_WARN_NON_LITERAL_NULL_CONVERSION = YES;
				CLANG_WARN_OBJC_IMPLICIT_RETAIN_SELF = YES;
				CLANG_WARN_OBJC_LITERAL_CONVERSION = YES;
				CLANG_WARN_OBJC_ROOT_CLASS = YES_ERROR;
				CLANG_WARN_RANGE_LOOP_ANALYSIS = YES;
				CLANG_WARN_STRICT_PROTOTYPES = YES;
				CLANG_WARN_SUSPICIOUS_MOVE = YES;
				CLANG_WARN_UNGUARDED_AVAILABILITY = YES_AGGRESSIVE;
				CLANG_WARN_UNREACHABLE_CODE = YES;
				CLANG_WARN__DUPLICATE_METHOD_MATCH = YES;
				COPY_PHASE_STRIP = NO;
				DEBUG_INFORMATION_FORMAT = dwarf;
				ENABLE_STRICT_OBJC_MSGSEND = YES;
				ENABLE_TESTABILITY = YES;
				GCC_C_LANGUAGE_STANDARD = gnu11;
				GCC_DYNAMIC_NO_PIC = NO;
				GCC_NO_COMMON_BLOCKS = YES;
				GCC_OPTIMIZATION_LEVEL = 0;
				GCC_PREPROCESSOR_DEFINITIONS = (
					"DEBUG=1",
					"$(inherited)",
				);
				GCC_WARN_64_TO_32_BIT_CONVERSION = YES;
				GCC_WARN_ABOUT_RETURN_TYPE = YES_ERROR;
				GCC_WARN_UNDECLARED_SELECTOR = YES;
				GCC_WARN_UNINITIALIZED_AUTOS = YES_AGGRESSIVE;
				GCC_WARN_UNUSED_FUNCTION = YES;
				GCC_WARN_UNUSED_VARIABLE = YES;
				IPHONEOS_DEPLOYMENT_TARGET = 13.0;
				MTL_ENABLE_DEBUG_INFO = INCLUDE_SOURCE;
				MTL_FAST_MATH = YES;
				ONLY_ACTIVE_ARCH = YES;
				SDKROOT = iphoneos;
				SWIFT_ACTIVE_COMPILATION_CONDITIONS = DEBUG;
				SWIFT_OPTIMIZATION_LEVEL = "-Onone";
			};
			name = Debug;
		};
		3495539823450F63004EB34E /* Release */ = {
			isa = XCBuildConfiguration;
			buildSettings = {
				ALWAYS_SEARCH_USER_PATHS = NO;
				CLANG_ANALYZER_NONNULL = YES;
				CLANG_ANALYZER_NUMBER_OBJECT_CONVERSION = YES_AGGRESSIVE;
				CLANG_CXX_LANGUAGE_STANDARD = "gnu++14";
				CLANG_CXX_LIBRARY = "libc++";
				CLANG_ENABLE_MODULES = YES;
				CLANG_ENABLE_OBJC_ARC = YES;
				CLANG_ENABLE_OBJC_WEAK = YES;
				CLANG_WARN_BLOCK_CAPTURE_AUTORELEASING = YES;
				CLANG_WARN_BOOL_CONVERSION = YES;
				CLANG_WARN_COMMA = YES;
				CLANG_WARN_CONSTANT_CONVERSION = YES;
				CLANG_WARN_DEPRECATED_OBJC_IMPLEMENTATIONS = YES;
				CLANG_WARN_DIRECT_OBJC_ISA_USAGE = YES_ERROR;
				CLANG_WARN_DOCUMENTATION_COMMENTS = YES;
				CLANG_WARN_EMPTY_BODY = YES;
				CLANG_WARN_ENUM_CONVERSION = YES;
				CLANG_WARN_INFINITE_RECURSION = YES;
				CLANG_WARN_INT_CONVERSION = YES;
				CLANG_WARN_NON_LITERAL_NULL_CONVERSION = YES;
				CLANG_WARN_OBJC_IMPLICIT_RETAIN_SELF = YES;
				CLANG_WARN_OBJC_LITERAL_CONVERSION = YES;
				CLANG_WARN_OBJC_ROOT_CLASS = YES_ERROR;
				CLANG_WARN_RANGE_LOOP_ANALYSIS = YES;
				CLANG_WARN_STRICT_PROTOTYPES = YES;
				CLANG_WARN_SUSPICIOUS_MOVE = YES;
				CLANG_WARN_UNGUARDED_AVAILABILITY = YES_AGGRESSIVE;
				CLANG_WARN_UNREACHABLE_CODE = YES;
				CLANG_WARN__DUPLICATE_METHOD_MATCH = YES;
				COPY_PHASE_STRIP = NO;
				DEBUG_INFORMATION_FORMAT = "dwarf-with-dsym";
				ENABLE_NS_ASSERTIONS = NO;
				ENABLE_STRICT_OBJC_MSGSEND = YES;
				GCC_C_LANGUAGE_STANDARD = gnu11;
				GCC_NO_COMMON_BLOCKS = YES;
				GCC_WARN_64_TO_32_BIT_CONVERSION = YES;
				GCC_WARN_ABOUT_RETURN_TYPE = YES_ERROR;
				GCC_WARN_UNDECLARED_SELECTOR = YES;
				GCC_WARN_UNINITIALIZED_AUTOS = YES_AGGRESSIVE;
				GCC_WARN_UNUSED_FUNCTION = YES;
				GCC_WARN_UNUSED_VARIABLE = YES;
				IPHONEOS_DEPLOYMENT_TARGET = 13.0;
				MTL_ENABLE_DEBUG_INFO = NO;
				MTL_FAST_MATH = YES;
				SDKROOT = iphoneos;
				SWIFT_COMPILATION_MODE = wholemodule;
				SWIFT_OPTIMIZATION_LEVEL = "-O";
				VALIDATE_PRODUCT = YES;
			};
			name = Release;
		};
		3495539A23450F63004EB34E /* Debug */ = {
			isa = XCBuildConfiguration;
			buildSettings = {
				ASSETCATALOG_COMPILER_APPICON_NAME = AppIcon;
				CODE_SIGN_STYLE = Automatic;
				DEVELOPMENT_TEAM = RRGZ3XLFVN;
				INFOPLIST_FILE = CocktailApp/resources/Info.plist;
				LD_RUNPATH_SEARCH_PATHS = (
					"$(inherited)",
					"@executable_path/Frameworks",
				);
				PRODUCT_BUNDLE_IDENTIFIER = deltas2k.CocktailApp;
				PRODUCT_NAME = "$(TARGET_NAME)";
				SWIFT_VERSION = 5.0;
				TARGETED_DEVICE_FAMILY = "1,2";
			};
			name = Debug;
		};
		3495539B23450F63004EB34E /* Release */ = {
			isa = XCBuildConfiguration;
			buildSettings = {
				ASSETCATALOG_COMPILER_APPICON_NAME = AppIcon;
				CODE_SIGN_STYLE = Automatic;
				DEVELOPMENT_TEAM = RRGZ3XLFVN;
				INFOPLIST_FILE = CocktailApp/resources/Info.plist;
				LD_RUNPATH_SEARCH_PATHS = (
					"$(inherited)",
					"@executable_path/Frameworks",
				);
				PRODUCT_BUNDLE_IDENTIFIER = deltas2k.CocktailApp;
				PRODUCT_NAME = "$(TARGET_NAME)";
				SWIFT_VERSION = 5.0;
				TARGETED_DEVICE_FAMILY = "1,2";
			};
			name = Release;
		};
/* End XCBuildConfiguration section */

/* Begin XCConfigurationList section */
		3495538023450F62004EB34E /* Build configuration list for PBXProject "CocktailApp" */ = {
			isa = XCConfigurationList;
			buildConfigurations = (
				3495539723450F63004EB34E /* Debug */,
				3495539823450F63004EB34E /* Release */,
			);
			defaultConfigurationIsVisible = 0;
			defaultConfigurationName = Release;
		};
		3495539923450F63004EB34E /* Build configuration list for PBXNativeTarget "CocktailApp" */ = {
			isa = XCConfigurationList;
			buildConfigurations = (
				3495539A23450F63004EB34E /* Debug */,
				3495539B23450F63004EB34E /* Release */,
			);
			defaultConfigurationIsVisible = 0;
			defaultConfigurationName = Release;
		};
/* End XCConfigurationList section */
	};
	rootObject = 3495537D23450F62004EB34E /* Project object */;
}
